
Microsoft Visual Studio Solution File, Format Version 12.00
# Visual Studio Version 17
VisualStudioVersion = 17.9.34728.123
MinimumVisualStudioVersion = 10.0.40219.1
Project("{FAE04EC0-301F-11D3-BF4B-00C04F79EFBC}") = "TPMOD11", "TPMOD11\TPMOD11.csproj", "{8CB6FC0F-DF49-47E2-869D-A31829AA6426}"
EndProject
Global
	GlobalSection(SolutionConfigurationPlatforms) = preSolution
		Debug|Any CPU = Debug|Any CPU
		Release|Any CPU = Release|Any CPU
	EndGlobalSection
	GlobalSection(ProjectConfigurationPlatforms) = postSolution
		{8CB6FC0F-DF49-47E2-869D-A31829AA6426}.Debug|Any CPU.ActiveCfg = Debug|Any CPU
		{8CB6FC0F-DF49-47E2-869D-A31829AA6426}.Debug|Any CPU.Build.0 = Debug|Any CPU
		{8CB6FC0F-DF49-47E2-869D-A31829AA6426}.Release|Any CPU.ActiveCfg = Release|Any CPU
		{8CB6FC0F-DF49-47E2-869D-A31829AA6426}.Release|Any CPU.Build.0 = Release|Any CPU
	EndGlobalSection
	GlobalSection(SolutionProperties) = preSolution
		HideSolutionNode = FALSE
	EndGlobalSection
	GlobalSection(ExtensibilityGlobals) = postSolution
		SolutionGuid = {C1D62F73-6AFC-401E-A6C2-5C0E51BC380A}
	EndGlobalSection
EndGlobal
