
Microsoft Visual Studio Solution File, Format Version 12.00
# Visual Studio Version 17
VisualStudioVersion = 17.9.34728.123
MinimumVisualStudioVersion = 10.0.40219.1
Project("{9A19103F-16F7-4668-BE54-9A1E7A4F7556}") = "TPMOD12", "TPMOD12\TPMOD12.csproj", "{ECEAF032-B861-4ED0-9DC8-43488389CB1F}"
EndProject
Project("{FAE04EC0-301F-11D3-BF4B-00C04F79EFBC}") = "CariBilanganTest", "CariBilanganTest\CariBilanganTest.csproj", "{F60152F3-640F-4F3E-8242-6D2585B641BF}"
EndProject
Global
	GlobalSection(SolutionConfigurationPlatforms) = preSolution
		Debug|Any CPU = Debug|Any CPU
		Release|Any CPU = Release|Any CPU
	EndGlobalSection
	GlobalSection(ProjectConfigurationPlatforms) = postSolution
		{ECEAF032-B861-4ED0-9DC8-43488389CB1F}.Debug|Any CPU.ActiveCfg = Debug|Any CPU
		{ECEAF032-B861-4ED0-9DC8-43488389CB1F}.Debug|Any CPU.Build.0 = Debug|Any CPU
		{ECEAF032-B861-4ED0-9DC8-43488389CB1F}.Release|Any CPU.ActiveCfg = Release|Any CPU
		{ECEAF032-B861-4ED0-9DC8-43488389CB1F}.Release|Any CPU.Build.0 = Release|Any CPU
		{F60152F3-640F-4F3E-8242-6D2585B641BF}.Debug|Any CPU.ActiveCfg = Debug|Any CPU
		{F60152F3-640F-4F3E-8242-6D2585B641BF}.Debug|Any CPU.Build.0 = Debug|Any CPU
		{F60152F3-640F-4F3E-8242-6D2585B641BF}.Release|Any CPU.ActiveCfg = Release|Any CPU
		{F60152F3-640F-4F3E-8242-6D2585B641BF}.Release|Any CPU.Build.0 = Release|Any CPU
	EndGlobalSection
	GlobalSection(SolutionProperties) = preSolution
		HideSolutionNode = FALSE
	EndGlobalSection
	GlobalSection(ExtensibilityGlobals) = postSolution
		SolutionGuid = {2AF0F46F-5D21-49BA-AC9F-BC18485B6FEC}
	EndGlobalSection
EndGlobal
